
Microsoft Visual Studio Solution File, Format Version 12.00
# Visual Studio Version 17
VisualStudioVersion = 17.7.34221.43
MinimumVisualStudioVersion = 10.0.40219.1
Project("{FAE04EC0-301F-11D3-BF4B-00C04F79EFBC}") = "WindowsFormsApp2", "WindowsFormsApp2\WindowsFormsApp2.csproj", "{14F90F44-4BD3-4553-A67D-0F665A890D83}"
EndProject
Global
	GlobalSection(SolutionConfigurationPlatforms) = preSolution
		Debug|Any CPU = Debug|Any CPU
		Release|Any CPU = Release|Any CPU
	EndGlobalSection
	GlobalSection(ProjectConfigurationPlatforms) = postSolution
		{14F90F44-4BD3-4553-A67D-0F665A890D83}.Debug|Any CPU.ActiveCfg = Debug|Any CPU
		{14F90F44-4BD3-4553-A67D-0F665A890D83}.Debug|Any CPU.Build.0 = Debug|Any CPU
		{14F90F44-4BD3-4553-A67D-0F665A890D83}.Release|Any CPU.ActiveCfg = Release|Any CPU
		{14F90F44-4BD3-4553-A67D-0F665A890D83}.Release|Any CPU.Build.0 = Release|Any CPU
	EndGlobalSection
	GlobalSection(SolutionProperties) = preSolution
		HideSolutionNode = FALSE
	EndGlobalSection
	GlobalSection(ExtensibilityGlobals) = postSolution
		SolutionGuid = {3F54B7C7-24F6-443E-961F-972A42C9B943}
	EndGlobalSection
EndGlobal
